
Microsoft Visual Studio Solution File, Format Version 11.00
# Visual C++ Express 2010
Project("{8BC9CEB8-8B4A-11D0-8D11-00A0C91BC942}") = "AdminKa", "AdminKa\AdminKa.vcxproj", "{0CB77613-3364-49BE-8B7B-9C1ECE6C9A0C}"
EndProject
Global
	GlobalSection(SolutionConfigurationPlatforms) = preSolution
		Debug|Win32 = Debug|Win32
		Release|Win32 = Release|Win32
	EndGlobalSection
	GlobalSection(ProjectConfigurationPlatforms) = postSolution
		{0CB77613-3364-49BE-8B7B-9C1ECE6C9A0C}.Debug|Win32.ActiveCfg = Debug|Win32
		{0CB77613-3364-49BE-8B7B-9C1ECE6C9A0C}.Debug|Win32.Build.0 = Debug|Win32
		{0CB77613-3364-49BE-8B7B-9C1ECE6C9A0C}.Release|Win32.ActiveCfg = Release|Win32
		{0CB77613-3364-49BE-8B7B-9C1ECE6C9A0C}.Release|Win32.Build.0 = Release|Win32
	EndGlobalSection
	GlobalSection(SolutionProperties) = preSolution
		HideSolutionNode = FALSE
	EndGlobalSection
EndGlobal
